
Microsoft Visual Studio Solution File, Format Version 12.00
# Visual Studio Version 16
VisualStudioVersion = 16.0.31025.194
MinimumVisualStudioVersion = 10.0.40219.1
Project("{2150E333-8FDC-42A3-9474-1A3956D46DE8}") = "ShopManagement", "ShopManagement", "{5BAF5B22-94B3-4D97-BD1D-8E20E7EDA15B}"
EndProject
Project("{2150E333-8FDC-42A3-9474-1A3956D46DE8}") = "SM.Domain", "SM.Domain", "{6D73568C-CAC3-49D1-9D24-83FF8B6A88D0}"
EndProject
Project("{9A19103F-16F7-4668-BE54-9A1E7A4F7556}") = "ShopManagement.Domain", "ShopManagement.Domain\ShopManagement.Domain.csproj", "{BC024FE9-A948-4DB7-AACA-0A7893FCFD8B}"
EndProject
Project("{9A19103F-16F7-4668-BE54-9A1E7A4F7556}") = "0_Framework", "0_Framework\0_Framework.csproj", "{0BA603E9-5228-4965-B5E5-02D68C5F4212}"
EndProject
Project("{2150E333-8FDC-42A3-9474-1A3956D46DE8}") = "SM.Application", "SM.Application", "{24975CAD-82D1-41D3-958C-D277370E8C50}"
EndProject
Project("{9A19103F-16F7-4668-BE54-9A1E7A4F7556}") = "ShopManagement.Application", "ShopManagement.Application\ShopManagement.Application.csproj", "{0598FF34-9EF8-4C77-9C54-ADC35D660A34}"
EndProject
Project("{9A19103F-16F7-4668-BE54-9A1E7A4F7556}") = "ShopManagement.Application.Contracts", "ShopManagement.Application.Contracts\ShopManagement.Application.Contracts.csproj", "{49E005DE-5180-4064-A439-DFF62ACBB691}"
EndProject
Project("{2150E333-8FDC-42A3-9474-1A3956D46DE8}") = "SM.Infrastructure", "SM.Infrastructure", "{79430C0F-3A95-407E-9BB4-FC2EAA6D166F}"
EndProject
Project("{9A19103F-16F7-4668-BE54-9A1E7A4F7556}") = "ShopManagement.Infrastructure.EfCore", "ShopManagement.Infrastructure.EfCore\ShopManagement.Infrastructure.EfCore.csproj", "{7746D615-C1BD-48BE-BF7B-9DD197794D26}"
EndProject
Project("{9A19103F-16F7-4668-BE54-9A1E7A4F7556}") = "ShopManagement.Infrastructure.Configuration", "ShopManagement.Infrastructure.Configuration\ShopManagement.Infrastructure.Configuration.csproj", "{423EC4F4-D983-4CF4-B877-B3C2335FFF7A}"
EndProject
Project("{9A19103F-16F7-4668-BE54-9A1E7A4F7556}") = "ServiceHost", "ServiceHost\ServiceHost.csproj", "{FD8D510E-94A4-4499-B479-3D867441A7B4}"
EndProject
Project("{9A19103F-16F7-4668-BE54-9A1E7A4F7556}") = "01_DigitalStoreQuery", "01_DigitalStoreQuery\01_DigitalStoreQuery.csproj", "{FD88FB91-E234-4816-B831-3A4EBF29CB66}"
EndProject
Project("{2150E333-8FDC-42A3-9474-1A3956D46DE8}") = "DiscountManagement", "DiscountManagement", "{C3BF37F3-E0D2-424A-B681-73EC99D92D34}"
EndProject
Project("{2150E333-8FDC-42A3-9474-1A3956D46DE8}") = "DM.Domain", "DM.Domain", "{A46EB6D7-FF9F-483C-AED0-546E9F5DE0F9}"
EndProject
Project("{9A19103F-16F7-4668-BE54-9A1E7A4F7556}") = "DiscountManagement.Domain", "DiscountManagement.Domain\DiscountManagement.Domain.csproj", "{E4DB9CF8-89F2-4598-9BBA-10174986B90A}"
EndProject
Project("{2150E333-8FDC-42A3-9474-1A3956D46DE8}") = "DM.Application", "DM.Application", "{946DAB26-DEA9-4E5A-BE9F-25C824D95595}"
EndProject
Project("{9A19103F-16F7-4668-BE54-9A1E7A4F7556}") = "DiscountManagement.Application.Contracts", "DiscountManagement.Application.Contracts\DiscountManagement.Application.Contracts.csproj", "{9044E43B-44CD-488F-897F-BD066B015269}"
EndProject
Project("{2150E333-8FDC-42A3-9474-1A3956D46DE8}") = "DM.Infrastructure", "DM.Infrastructure", "{F2F66C6D-9A34-4E7B-95F3-972ACD5385FE}"
EndProject
Project("{9A19103F-16F7-4668-BE54-9A1E7A4F7556}") = "DiscountManagement.Infrastructure.EFCore", "DiscountManagement.Infrastructure.EFCore\DiscountManagement.Infrastructure.EFCore.csproj", "{C2F8B4E4-374C-4937-B9C2-79A72A5BD32A}"
EndProject
Project("{9A19103F-16F7-4668-BE54-9A1E7A4F7556}") = "DiscountManagement.Application", "DiscountManagement.Application\DiscountManagement.Application.csproj", "{704095C6-85C6-49BA-A2F3-497545F30498}"
EndProject
Project("{9A19103F-16F7-4668-BE54-9A1E7A4F7556}") = "DiscountManagement.Configuration", "DiscountManagement.Configuration\DiscountManagement.Configuration.csproj", "{36B4A29B-1D54-4532-AD53-82307C641FCD}"
EndProject
Project("{2150E333-8FDC-42A3-9474-1A3956D46DE8}") = "InventoryManagement", "InventoryManagement", "{F28BEB07-498A-439D-BC8B-4F29FC09FDC8}"
EndProject
Project("{2150E333-8FDC-42A3-9474-1A3956D46DE8}") = "IM.Domain", "IM.Domain", "{DBDD656E-CC2A-493D-843D-4895E7842136}"
EndProject
Project("{9A19103F-16F7-4668-BE54-9A1E7A4F7556}") = "InventoryManagement.Domain", "InventoryManagement.Domain\InventoryManagement.Domain.csproj", "{87C268D4-E261-4010-A998-B3017513566A}"
EndProject
Project("{2150E333-8FDC-42A3-9474-1A3956D46DE8}") = "IM.Application", "IM.Application", "{C8723924-D5F8-45F0-8D0D-58DB44BD377C}"
EndProject
Project("{9A19103F-16F7-4668-BE54-9A1E7A4F7556}") = "InventoryManagement.Application.Contracts", "InventoryManagement.Application.Contracts\InventoryManagement.Application.Contracts.csproj", "{A1D3BEB5-01AC-471E-B027-A9CCEB1D137A}"
EndProject
Project("{2150E333-8FDC-42A3-9474-1A3956D46DE8}") = "IM.Infrastructure", "IM.Infrastructure", "{951A8F82-DC33-45E6-9FC3-965B3C2D3A26}"
EndProject
Project("{9A19103F-16F7-4668-BE54-9A1E7A4F7556}") = "InventoryManagement.Infrastructure.EFCore", "InventoryManagement.Infrastructure.EFCore\InventoryManagement.Infrastructure.EFCore.csproj", "{A069F192-192C-4E9E-AE53-E56BFEA075AC}"
EndProject
Project("{9A19103F-16F7-4668-BE54-9A1E7A4F7556}") = "InventoryManagement.Configuration", "InventoryManagement.Configuration\InventoryManagement.Configuration.csproj", "{84318E90-DE80-450A-8374-9A446B3F44B7}"
EndProject
Project("{9A19103F-16F7-4668-BE54-9A1E7A4F7556}") = "InventoryManagement.Application", "InventoryManagement.Application\InventoryManagement.Application.csproj", "{1CCC1116-4FC3-4D20-AE29-84DE36C624DE}"
EndProject
Project("{2150E333-8FDC-42A3-9474-1A3956D46DE8}") = "BlogManagement", "BlogManagement", "{A1AC3842-BA84-44E5-9EA2-608BB78A60A5}"
EndProject
Project("{2150E333-8FDC-42A3-9474-1A3956D46DE8}") = "BM.Domain", "BM.Domain", "{568F4E19-50D1-4ECB-8A93-107EF8A65272}"
EndProject
Project("{9A19103F-16F7-4668-BE54-9A1E7A4F7556}") = "BlogManagement.Domain", "BlogManagement.Domain\BlogManagement.Domain.csproj", "{671E586F-C472-4285-BE80-7ECDF795B595}"
EndProject
Project("{2150E333-8FDC-42A3-9474-1A3956D46DE8}") = "BM.Application", "BM.Application", "{3B69AD8C-AFDD-4E94-9C76-618476F672BD}"
EndProject
Project("{9A19103F-16F7-4668-BE54-9A1E7A4F7556}") = "BlogManagement.Application.Contracts", "BlogManagement.Application.Contracts\BlogManagement.Application.Contracts.csproj", "{BBB6C636-5709-47D3-8FC8-653A56AD0899}"
EndProject
Project("{9A19103F-16F7-4668-BE54-9A1E7A4F7556}") = "BlogManagement.Application", "BlogManagement.Application\BlogManagement.Application.csproj", "{49BEB19F-C53D-459A-852F-9D681AD2AC12}"
EndProject
Project("{2150E333-8FDC-42A3-9474-1A3956D46DE8}") = "BM.Infrastructure", "BM.Infrastructure", "{2E1A4690-DC36-4D8C-A5F0-7FA435763AAF}"
EndProject
Project("{FAE04EC0-301F-11D3-BF4B-00C04F79EFBC}") = "BlogManagement.Infrastructure.EfCore", "BlogManagement.Infrastructure.EfCore\BlogManagement.Infrastructure.EfCore.csproj", "{85FDDF7B-250C-4798-9441-53D61750BF13}"
EndProject
Project("{FAE04EC0-301F-11D3-BF4B-00C04F79EFBC}") = "BlogManagement.Infrastructure.Configuration", "BlogManagement.Infrastructure.Configuration\BlogManagement.Infrastructure.Configuration.csproj", "{074DD714-28ED-4320-BCE8-02D03A9817B5}"
EndProject
Global
	GlobalSection(SolutionConfigurationPlatforms) = preSolution
		Debug|Any CPU = Debug|Any CPU
		Release|Any CPU = Release|Any CPU
	EndGlobalSection
	GlobalSection(ProjectConfigurationPlatforms) = postSolution
		{BC024FE9-A948-4DB7-AACA-0A7893FCFD8B}.Debug|Any CPU.ActiveCfg = Debug|Any CPU
		{BC024FE9-A948-4DB7-AACA-0A7893FCFD8B}.Debug|Any CPU.Build.0 = Debug|Any CPU
		{BC024FE9-A948-4DB7-AACA-0A7893FCFD8B}.Release|Any CPU.ActiveCfg = Release|Any CPU
		{BC024FE9-A948-4DB7-AACA-0A7893FCFD8B}.Release|Any CPU.Build.0 = Release|Any CPU
		{0BA603E9-5228-4965-B5E5-02D68C5F4212}.Debug|Any CPU.ActiveCfg = Debug|Any CPU
		{0BA603E9-5228-4965-B5E5-02D68C5F4212}.Debug|Any CPU.Build.0 = Debug|Any CPU
		{0BA603E9-5228-4965-B5E5-02D68C5F4212}.Release|Any CPU.ActiveCfg = Release|Any CPU
		{0BA603E9-5228-4965-B5E5-02D68C5F4212}.Release|Any CPU.Build.0 = Release|Any CPU
		{0598FF34-9EF8-4C77-9C54-ADC35D660A34}.Debug|Any CPU.ActiveCfg = Debug|Any CPU
		{0598FF34-9EF8-4C77-9C54-ADC35D660A34}.Debug|Any CPU.Build.0 = Debug|Any CPU
		{0598FF34-9EF8-4C77-9C54-ADC35D660A34}.Release|Any CPU.ActiveCfg = Release|Any CPU
		{0598FF34-9EF8-4C77-9C54-ADC35D660A34}.Release|Any CPU.Build.0 = Release|Any CPU
		{49E005DE-5180-4064-A439-DFF62ACBB691}.Debug|Any CPU.ActiveCfg = Debug|Any CPU
		{49E005DE-5180-4064-A439-DFF62ACBB691}.Debug|Any CPU.Build.0 = Debug|Any CPU
		{49E005DE-5180-4064-A439-DFF62ACBB691}.Release|Any CPU.ActiveCfg = Release|Any CPU
		{49E005DE-5180-4064-A439-DFF62ACBB691}.Release|Any CPU.Build.0 = Release|Any CPU
		{7746D615-C1BD-48BE-BF7B-9DD197794D26}.Debug|Any CPU.ActiveCfg = Debug|Any CPU
		{7746D615-C1BD-48BE-BF7B-9DD197794D26}.Debug|Any CPU.Build.0 = Debug|Any CPU
		{7746D615-C1BD-48BE-BF7B-9DD197794D26}.Release|Any CPU.ActiveCfg = Release|Any CPU
		{7746D615-C1BD-48BE-BF7B-9DD197794D26}.Release|Any CPU.Build.0 = Release|Any CPU
		{423EC4F4-D983-4CF4-B877-B3C2335FFF7A}.Debug|Any CPU.ActiveCfg = Debug|Any CPU
		{423EC4F4-D983-4CF4-B877-B3C2335FFF7A}.Debug|Any CPU.Build.0 = Debug|Any CPU
		{423EC4F4-D983-4CF4-B877-B3C2335FFF7A}.Release|Any CPU.ActiveCfg = Release|Any CPU
		{423EC4F4-D983-4CF4-B877-B3C2335FFF7A}.Release|Any CPU.Build.0 = Release|Any CPU
		{FD8D510E-94A4-4499-B479-3D867441A7B4}.Debug|Any CPU.ActiveCfg = Debug|Any CPU
		{FD8D510E-94A4-4499-B479-3D867441A7B4}.Debug|Any CPU.Build.0 = Debug|Any CPU
		{FD8D510E-94A4-4499-B479-3D867441A7B4}.Release|Any CPU.ActiveCfg = Release|Any CPU
		{FD8D510E-94A4-4499-B479-3D867441A7B4}.Release|Any CPU.Build.0 = Release|Any CPU
		{FD88FB91-E234-4816-B831-3A4EBF29CB66}.Debug|Any CPU.ActiveCfg = Debug|Any CPU
		{FD88FB91-E234-4816-B831-3A4EBF29CB66}.Debug|Any CPU.Build.0 = Debug|Any CPU
		{FD88FB91-E234-4816-B831-3A4EBF29CB66}.Release|Any CPU.ActiveCfg = Release|Any CPU
		{FD88FB91-E234-4816-B831-3A4EBF29CB66}.Release|Any CPU.Build.0 = Release|Any CPU
		{E4DB9CF8-89F2-4598-9BBA-10174986B90A}.Debug|Any CPU.ActiveCfg = Debug|Any CPU
		{E4DB9CF8-89F2-4598-9BBA-10174986B90A}.Debug|Any CPU.Build.0 = Debug|Any CPU
		{E4DB9CF8-89F2-4598-9BBA-10174986B90A}.Release|Any CPU.ActiveCfg = Release|Any CPU
		{E4DB9CF8-89F2-4598-9BBA-10174986B90A}.Release|Any CPU.Build.0 = Release|Any CPU
		{9044E43B-44CD-488F-897F-BD066B015269}.Debug|Any CPU.ActiveCfg = Debug|Any CPU
		{9044E43B-44CD-488F-897F-BD066B015269}.Debug|Any CPU.Build.0 = Debug|Any CPU
		{9044E43B-44CD-488F-897F-BD066B015269}.Release|Any CPU.ActiveCfg = Release|Any CPU
		{9044E43B-44CD-488F-897F-BD066B015269}.Release|Any CPU.Build.0 = Release|Any CPU
		{C2F8B4E4-374C-4937-B9C2-79A72A5BD32A}.Debug|Any CPU.ActiveCfg = Debug|Any CPU
		{C2F8B4E4-374C-4937-B9C2-79A72A5BD32A}.Debug|Any CPU.Build.0 = Debug|Any CPU
		{C2F8B4E4-374C-4937-B9C2-79A72A5BD32A}.Release|Any CPU.ActiveCfg = Release|Any CPU
		{C2F8B4E4-374C-4937-B9C2-79A72A5BD32A}.Release|Any CPU.Build.0 = Release|Any CPU
		{704095C6-85C6-49BA-A2F3-497545F30498}.Debug|Any CPU.ActiveCfg = Debug|Any CPU
		{704095C6-85C6-49BA-A2F3-497545F30498}.Debug|Any CPU.Build.0 = Debug|Any CPU
		{704095C6-85C6-49BA-A2F3-497545F30498}.Release|Any CPU.ActiveCfg = Release|Any CPU
		{704095C6-85C6-49BA-A2F3-497545F30498}.Release|Any CPU.Build.0 = Release|Any CPU
		{36B4A29B-1D54-4532-AD53-82307C641FCD}.Debug|Any CPU.ActiveCfg = Debug|Any CPU
		{36B4A29B-1D54-4532-AD53-82307C641FCD}.Debug|Any CPU.Build.0 = Debug|Any CPU
		{36B4A29B-1D54-4532-AD53-82307C641FCD}.Release|Any CPU.ActiveCfg = Release|Any CPU
		{36B4A29B-1D54-4532-AD53-82307C641FCD}.Release|Any CPU.Build.0 = Release|Any CPU
		{87C268D4-E261-4010-A998-B3017513566A}.Debug|Any CPU.ActiveCfg = Debug|Any CPU
		{87C268D4-E261-4010-A998-B3017513566A}.Debug|Any CPU.Build.0 = Debug|Any CPU
		{87C268D4-E261-4010-A998-B3017513566A}.Release|Any CPU.ActiveCfg = Release|Any CPU
		{87C268D4-E261-4010-A998-B3017513566A}.Release|Any CPU.Build.0 = Release|Any CPU
		{A1D3BEB5-01AC-471E-B027-A9CCEB1D137A}.Debug|Any CPU.ActiveCfg = Debug|Any CPU
		{A1D3BEB5-01AC-471E-B027-A9CCEB1D137A}.Debug|Any CPU.Build.0 = Debug|Any CPU
		{A1D3BEB5-01AC-471E-B027-A9CCEB1D137A}.Release|Any CPU.ActiveCfg = Release|Any CPU
		{A1D3BEB5-01AC-471E-B027-A9CCEB1D137A}.Release|Any CPU.Build.0 = Release|Any CPU
		{A069F192-192C-4E9E-AE53-E56BFEA075AC}.Debug|Any CPU.ActiveCfg = Debug|Any CPU
		{A069F192-192C-4E9E-AE53-E56BFEA075AC}.Debug|Any CPU.Build.0 = Debug|Any CPU
		{A069F192-192C-4E9E-AE53-E56BFEA075AC}.Release|Any CPU.ActiveCfg = Release|Any CPU
		{A069F192-192C-4E9E-AE53-E56BFEA075AC}.Release|Any CPU.Build.0 = Release|Any CPU
		{84318E90-DE80-450A-8374-9A446B3F44B7}.Debug|Any CPU.ActiveCfg = Debug|Any CPU
		{84318E90-DE80-450A-8374-9A446B3F44B7}.Debug|Any CPU.Build.0 = Debug|Any CPU
		{84318E90-DE80-450A-8374-9A446B3F44B7}.Release|Any CPU.ActiveCfg = Release|Any CPU
		{84318E90-DE80-450A-8374-9A446B3F44B7}.Release|Any CPU.Build.0 = Release|Any CPU
		{1CCC1116-4FC3-4D20-AE29-84DE36C624DE}.Debug|Any CPU.ActiveCfg = Debug|Any CPU
		{1CCC1116-4FC3-4D20-AE29-84DE36C624DE}.Debug|Any CPU.Build.0 = Debug|Any CPU
		{1CCC1116-4FC3-4D20-AE29-84DE36C624DE}.Release|Any CPU.ActiveCfg = Release|Any CPU
		{1CCC1116-4FC3-4D20-AE29-84DE36C624DE}.Release|Any CPU.Build.0 = Release|Any CPU
		{671E586F-C472-4285-BE80-7ECDF795B595}.Debug|Any CPU.ActiveCfg = Debug|Any CPU
		{671E586F-C472-4285-BE80-7ECDF795B595}.Debug|Any CPU.Build.0 = Debug|Any CPU
		{671E586F-C472-4285-BE80-7ECDF795B595}.Release|Any CPU.ActiveCfg = Release|Any CPU
		{671E586F-C472-4285-BE80-7ECDF795B595}.Release|Any CPU.Build.0 = Release|Any CPU
		{BBB6C636-5709-47D3-8FC8-653A56AD0899}.Debug|Any CPU.ActiveCfg = Debug|Any CPU
		{BBB6C636-5709-47D3-8FC8-653A56AD0899}.Debug|Any CPU.Build.0 = Debug|Any CPU
		{BBB6C636-5709-47D3-8FC8-653A56AD0899}.Release|Any CPU.ActiveCfg = Release|Any CPU
		{BBB6C636-5709-47D3-8FC8-653A56AD0899}.Release|Any CPU.Build.0 = Release|Any CPU
		{49BEB19F-C53D-459A-852F-9D681AD2AC12}.Debug|Any CPU.ActiveCfg = Debug|Any CPU
		{49BEB19F-C53D-459A-852F-9D681AD2AC12}.Debug|Any CPU.Build.0 = Debug|Any CPU
		{49BEB19F-C53D-459A-852F-9D681AD2AC12}.Release|Any CPU.ActiveCfg = Release|Any CPU
		{49BEB19F-C53D-459A-852F-9D681AD2AC12}.Release|Any CPU.Build.0 = Release|Any CPU
		{85FDDF7B-250C-4798-9441-53D61750BF13}.Debug|Any CPU.ActiveCfg = Debug|Any CPU
		{85FDDF7B-250C-4798-9441-53D61750BF13}.Debug|Any CPU.Build.0 = Debug|Any CPU
		{85FDDF7B-250C-4798-9441-53D61750BF13}.Release|Any CPU.ActiveCfg = Release|Any CPU
		{85FDDF7B-250C-4798-9441-53D61750BF13}.Release|Any CPU.Build.0 = Release|Any CPU
		{074DD714-28ED-4320-BCE8-02D03A9817B5}.Debug|Any CPU.ActiveCfg = Debug|Any CPU
		{074DD714-28ED-4320-BCE8-02D03A9817B5}.Debug|Any CPU.Build.0 = Debug|Any CPU
		{074DD714-28ED-4320-BCE8-02D03A9817B5}.Release|Any CPU.ActiveCfg = Release|Any CPU
		{074DD714-28ED-4320-BCE8-02D03A9817B5}.Release|Any CPU.Build.0 = Release|Any CPU
	EndGlobalSection
	GlobalSection(SolutionProperties) = preSolution
		HideSolutionNode = FALSE
	EndGlobalSection
	GlobalSection(NestedProjects) = preSolution
		{6D73568C-CAC3-49D1-9D24-83FF8B6A88D0} = {5BAF5B22-94B3-4D97-BD1D-8E20E7EDA15B}
		{BC024FE9-A948-4DB7-AACA-0A7893FCFD8B} = {6D73568C-CAC3-49D1-9D24-83FF8B6A88D0}
		{24975CAD-82D1-41D3-958C-D277370E8C50} = {5BAF5B22-94B3-4D97-BD1D-8E20E7EDA15B}
		{0598FF34-9EF8-4C77-9C54-ADC35D660A34} = {24975CAD-82D1-41D3-958C-D277370E8C50}
		{49E005DE-5180-4064-A439-DFF62ACBB691} = {24975CAD-82D1-41D3-958C-D277370E8C50}
		{79430C0F-3A95-407E-9BB4-FC2EAA6D166F} = {5BAF5B22-94B3-4D97-BD1D-8E20E7EDA15B}
		{7746D615-C1BD-48BE-BF7B-9DD197794D26} = {79430C0F-3A95-407E-9BB4-FC2EAA6D166F}
		{423EC4F4-D983-4CF4-B877-B3C2335FFF7A} = {79430C0F-3A95-407E-9BB4-FC2EAA6D166F}
		{A46EB6D7-FF9F-483C-AED0-546E9F5DE0F9} = {C3BF37F3-E0D2-424A-B681-73EC99D92D34}
		{E4DB9CF8-89F2-4598-9BBA-10174986B90A} = {A46EB6D7-FF9F-483C-AED0-546E9F5DE0F9}
		{946DAB26-DEA9-4E5A-BE9F-25C824D95595} = {C3BF37F3-E0D2-424A-B681-73EC99D92D34}
		{9044E43B-44CD-488F-897F-BD066B015269} = {946DAB26-DEA9-4E5A-BE9F-25C824D95595}
		{F2F66C6D-9A34-4E7B-95F3-972ACD5385FE} = {C3BF37F3-E0D2-424A-B681-73EC99D92D34}
		{C2F8B4E4-374C-4937-B9C2-79A72A5BD32A} = {F2F66C6D-9A34-4E7B-95F3-972ACD5385FE}
		{704095C6-85C6-49BA-A2F3-497545F30498} = {946DAB26-DEA9-4E5A-BE9F-25C824D95595}
		{36B4A29B-1D54-4532-AD53-82307C641FCD} = {F2F66C6D-9A34-4E7B-95F3-972ACD5385FE}
		{DBDD656E-CC2A-493D-843D-4895E7842136} = {F28BEB07-498A-439D-BC8B-4F29FC09FDC8}
		{87C268D4-E261-4010-A998-B3017513566A} = {DBDD656E-CC2A-493D-843D-4895E7842136}
		{C8723924-D5F8-45F0-8D0D-58DB44BD377C} = {F28BEB07-498A-439D-BC8B-4F29FC09FDC8}
		{A1D3BEB5-01AC-471E-B027-A9CCEB1D137A} = {C8723924-D5F8-45F0-8D0D-58DB44BD377C}
		{951A8F82-DC33-45E6-9FC3-965B3C2D3A26} = {F28BEB07-498A-439D-BC8B-4F29FC09FDC8}
		{A069F192-192C-4E9E-AE53-E56BFEA075AC} = {951A8F82-DC33-45E6-9FC3-965B3C2D3A26}
		{84318E90-DE80-450A-8374-9A446B3F44B7} = {951A8F82-DC33-45E6-9FC3-965B3C2D3A26}
		{1CCC1116-4FC3-4D20-AE29-84DE36C624DE} = {C8723924-D5F8-45F0-8D0D-58DB44BD377C}
		{568F4E19-50D1-4ECB-8A93-107EF8A65272} = {A1AC3842-BA84-44E5-9EA2-608BB78A60A5}
		{671E586F-C472-4285-BE80-7ECDF795B595} = {568F4E19-50D1-4ECB-8A93-107EF8A65272}
		{3B69AD8C-AFDD-4E94-9C76-618476F672BD} = {A1AC3842-BA84-44E5-9EA2-608BB78A60A5}
		{BBB6C636-5709-47D3-8FC8-653A56AD0899} = {3B69AD8C-AFDD-4E94-9C76-618476F672BD}
		{49BEB19F-C53D-459A-852F-9D681AD2AC12} = {3B69AD8C-AFDD-4E94-9C76-618476F672BD}
		{2E1A4690-DC36-4D8C-A5F0-7FA435763AAF} = {A1AC3842-BA84-44E5-9EA2-608BB78A60A5}
		{85FDDF7B-250C-4798-9441-53D61750BF13} = {2E1A4690-DC36-4D8C-A5F0-7FA435763AAF}
		{074DD714-28ED-4320-BCE8-02D03A9817B5} = {2E1A4690-DC36-4D8C-A5F0-7FA435763AAF}
	EndGlobalSection
	GlobalSection(ExtensibilityGlobals) = postSolution
		SolutionGuid = {6F1D1BFA-8796-4075-BADF-FA1B5375D718}
	EndGlobalSection
EndGlobal
